
Microsoft Visual Studio Solution File, Format Version 12.00
# Visual Studio Version 16
VisualStudioVersion = 16.0.30804.86
MinimumVisualStudioVersion = 10.0.40219.1
Project("{FAE04EC0-301F-11D3-BF4B-00C04F79EFBC}") = "TCP PINGER", "TCP PINGER\TCP PINGER.csproj", "{41724721-D872-43F6-B04A-31A74A015819}"
EndProject
Global
	GlobalSection(SolutionConfigurationPlatforms) = preSolution
		Debug|Any CPU = Debug|Any CPU
		Release|Any CPU = Release|Any CPU
	EndGlobalSection
	GlobalSection(ProjectConfigurationPlatforms) = postSolution
		{41724721-D872-43F6-B04A-31A74A015819}.Debug|Any CPU.ActiveCfg = Debug|Any CPU
		{41724721-D872-43F6-B04A-31A74A015819}.Debug|Any CPU.Build.0 = Debug|Any CPU
		{41724721-D872-43F6-B04A-31A74A015819}.Release|Any CPU.ActiveCfg = Release|Any CPU
		{41724721-D872-43F6-B04A-31A74A015819}.Release|Any CPU.Build.0 = Release|Any CPU
	EndGlobalSection
	GlobalSection(SolutionProperties) = preSolution
		HideSolutionNode = FALSE
	EndGlobalSection
	GlobalSection(ExtensibilityGlobals) = postSolution
		SolutionGuid = {EC49F233-AC8D-47AB-A368-9B69D8282D63}
	EndGlobalSection
EndGlobal
